{
  "version": 4,
  "terraform_version": "0.12.7",
  "serial": 146,
  "lineage": "c290f55f-4efc-6dca-c76b-72aa78531206",
  "outputs": {
    "main_apigateway_base_url": {
      "value": "https://b48u1p6ze2.execute-api.eu-north-1.amazonaws.com/api",
      "type": "string"
    },
    "main_apigateway_id": {
      "value": "b48u1p6ze2",
      "type": "string"
    }
  },
  "resources": [
    {
      "mode": "data",
      "type": "template_file",
      "name": "main_api_openapi_spec_swagger",
      "provider": "provider.template",
      "instances": [
        {
          "schema_version": 0,
          "attributes": {
            "filename": null,
            "id": "7d3fdb8df0adbc382b830b566491121f2a242d3d4af87b0f886808ceb059f74e",
            "rendered": "openapi: 3.0.1\ninfo:\n  version: 0.1\n  title: Main REST API\npaths:\n  \"/test\":\n    get:\n      description: Test GET endpoint\n      responses:\n        200:\n          description: Successful Test\n      x-amazon-apigateway-integration:\n        uri: arn:aws:apigateway:eu-north-1:lambda:path/2015-03-31/functions/arn:aws:lambda:eu-north-1:317887603465:function:hello_world_lambda/invocations\n        credentials: arn:aws:iam::317887603465:role/main_api\n        timeoutInMillis: 20000\n        httpMethod: \"POST\"\n        type: \"aws_proxy\"",
            "template": "openapi: 3.0.1\ninfo:\n  version: 0.1\n  title: Main REST API\npaths:\n  \"/test\":\n    get:\n      description: Test GET endpoint\n      responses:\n        200:\n          description: Successful Test\n      x-amazon-apigateway-integration:\n        uri: ${hello_world_lambda_inv_arn}\n        credentials: ${main_api_role_arn}\n        timeoutInMillis: 20000\n        httpMethod: \"POST\"\n        type: \"aws_proxy\"",
            "vars": {
              "hello_world_lambda_inv_arn": "arn:aws:apigateway:eu-north-1:lambda:path/2015-03-31/functions/arn:aws:lambda:eu-north-1:317887603465:function:hello_world_lambda/invocations",
              "main_api_role_arn": "arn:aws:iam::317887603465:role/main_api"
            }
          },
          "depends_on": [
            "aws_iam_role.main_api",
            "aws_lambda_function.hello_world_lambda"
          ]
        }
      ]
    },
    {
      "mode": "managed",
      "type": "aws_api_gateway_account",
      "name": "main_api",
      "provider": "provider.aws",
      "instances": [
        {
          "schema_version": 0,
          "attributes": {
            "cloudwatch_role_arn": "arn:aws:iam::317887603465:role/main_api",
            "id": "api-gateway-account",
            "throttle_settings": [
              {
                "burst_limit": 5000,
                "rate_limit": 10000
              }
            ]
          },
          "private": "bnVsbA==",
          "depends_on": [
            "aws_iam_role.main_api"
          ]
        }
      ]
    },
    {
      "mode": "managed",
      "type": "aws_api_gateway_deployment",
      "name": "main_api",
      "provider": "provider.aws",
      "instances": [
        {
          "schema_version": 0,
          "attributes": {
            "created_date": "2020-12-27T22:54:34Z",
            "description": "",
            "execution_arn": "arn:aws:execute-api:eu-north-1:317887603465:b48u1p6ze2/api",
            "id": "540xdp",
            "invoke_url": "https://b48u1p6ze2.execute-api.eu-north-1.amazonaws.com/api",
            "rest_api_id": "b48u1p6ze2",
            "stage_description": null,
            "stage_name": "api",
            "triggers": null,
            "variables": null
          },
          "private": "bnVsbA==",
          "depends_on": [
            "aws_api_gateway_rest_api.main_api"
          ]
        }
      ]
    },
    {
      "mode": "managed",
      "type": "aws_api_gateway_method_settings",
      "name": "main_api",
      "provider": "provider.aws",
      "instances": [
        {
          "schema_version": 0,
          "attributes": {
            "id": "b48u1p6ze2-api-*/*",
            "method_path": "*/*",
            "rest_api_id": "b48u1p6ze2",
            "settings": [
              {
                "cache_data_encrypted": false,
                "cache_ttl_in_seconds": 300,
                "caching_enabled": false,
                "data_trace_enabled": true,
                "logging_level": "INFO",
                "metrics_enabled": true,
                "require_authorization_for_cache_control": true,
                "throttling_burst_limit": -1,
                "throttling_rate_limit": -1,
                "unauthorized_cache_control_header_strategy": "SUCCEED_WITH_RESPONSE_HEADER"
              }
            ],
            "stage_name": "api"
          },
          "private": "bnVsbA==",
          "depends_on": [
            "aws_api_gateway_deployment.main_api",
            "aws_api_gateway_rest_api.main_api"
          ]
        }
      ]
    },
    {
      "mode": "managed",
      "type": "aws_api_gateway_rest_api",
      "name": "main_api",
      "provider": "provider.aws",
      "instances": [
        {
          "schema_version": 0,
          "attributes": {
            "api_key_source": "HEADER",
            "arn": "arn:aws:apigateway:eu-north-1::/restapis/b48u1p6ze2",
            "binary_media_types": [],
            "body": "openapi: 3.0.1\ninfo:\n  version: 0.1\n  title: Main REST API\npaths:\n  \"/test\":\n    get:\n      description: Test GET endpoint\n      responses:\n        200:\n          description: Successful Test\n      x-amazon-apigateway-integration:\n        uri: arn:aws:apigateway:eu-north-1:lambda:path/2015-03-31/functions/arn:aws:lambda:eu-north-1:317887603465:function:hello_world_lambda/invocations\n        credentials: arn:aws:iam::317887603465:role/main_api\n        timeoutInMillis: 20000\n        httpMethod: \"POST\"\n        type: \"aws_proxy\"",
            "created_date": "2020-12-27T22:54:31Z",
            "description": "Main REST API",
            "endpoint_configuration": [
              {
                "types": [
                  "EDGE"
                ],
                "vpc_endpoint_ids": []
              }
            ],
            "execution_arn": "arn:aws:execute-api:eu-north-1:317887603465:b48u1p6ze2",
            "id": "b48u1p6ze2",
            "minimum_compression_size": -1,
            "name": "main_api",
            "policy": "",
            "root_resource_id": "vcityfouq5",
            "tags": {}
          },
          "private": "bnVsbA==",
          "depends_on": [
            "data.template_file.main_api_openapi_spec_swagger"
          ]
        }
      ]
    },
    {
      "mode": "managed",
      "type": "aws_cloudwatch_log_group",
      "name": "hello_world_lambda",
      "provider": "provider.aws",
      "instances": [
        {
          "schema_version": 0,
          "attributes": {
            "arn": "arn:aws:logs:eu-north-1:317887603465:log-group:/aws/lambda/hello_world_lambda",
            "id": "/aws/lambda/hello_world_lambda",
            "kms_key_id": "",
            "name": "/aws/lambda/hello_world_lambda",
            "name_prefix": null,
            "retention_in_days": 30,
            "tags": {}
          },
          "private": "bnVsbA=="
        }
      ]
    },
    {
      "mode": "managed",
      "type": "aws_cloudwatch_log_group",
      "name": "watch_twitter_lambda",
      "provider": "provider.aws",
      "instances": [
        {
          "schema_version": 0,
          "attributes": {
            "arn": "arn:aws:logs:eu-north-1:317887603465:log-group:/aws/lambda/watch_twitter_lambda",
            "id": "/aws/lambda/watch_twitter_lambda",
            "kms_key_id": "",
            "name": "/aws/lambda/watch_twitter_lambda",
            "name_prefix": null,
            "retention_in_days": 30,
            "tags": {}
          },
          "private": "bnVsbA=="
        }
      ]
    },
    {
      "mode": "managed",
      "type": "aws_iam_policy",
      "name": "hello_world_lambda",
      "provider": "provider.aws",
      "instances": [
        {
          "schema_version": 0,
          "attributes": {
            "arn": "arn:aws:iam::317887603465:policy/hello_world_lambda",
            "description": "IAM policy for Hello World lambda - Logging",
            "id": "arn:aws:iam::317887603465:policy/hello_world_lambda",
            "name": "hello_world_lambda",
            "name_prefix": null,
            "path": "/",
            "policy": "{\n  \"Version\": \"2012-10-17\",\n  \"Statement\": [\n    {\n      \"Action\": [\n        \"logs:CreateLogStream\",\n        \"logs:PutLogEvents\"\n      ],\n      \"Resource\": \"arn:aws:logs:*:*:*\",\n      \"Effect\": \"Allow\"\n    }\n  ]\n}\n"
          },
          "private": "bnVsbA=="
        }
      ]
    },
    {
      "mode": "managed",
      "type": "aws_iam_policy",
      "name": "lambda_default",
      "provider": "provider.aws",
      "instances": [
        {
          "schema_version": 0,
          "attributes": {
            "arn": "arn:aws:iam::317887603465:policy/lambda_default",
            "description": "IAM policy for the lambdas",
            "id": "arn:aws:iam::317887603465:policy/lambda_default",
            "name": "lambda_default",
            "name_prefix": null,
            "path": "/",
            "policy": "{\n  \"Version\": \"2012-10-17\",\n  \"Statement\": [\n    {\n      \"Action\": [\n        \"logs:CreateLogStream\",\n        \"logs:PutLogEvents\"\n      ],\n      \"Resource\": \"arn:aws:logs:*:*:*\",\n      \"Effect\": \"Allow\"\n    },\n    {\n      \"Action\": [\n        \"ssm:Get*\"\n      ],\n      \"Resource\": \"arn:aws:ssm:*:*\",\n      \"Effect\": \"Allow\"\n    }\n  ]\n}\n"
          },
          "private": "bnVsbA=="
        }
      ]
    },
    {
      "mode": "managed",
      "type": "aws_iam_policy",
      "name": "main_api",
      "provider": "provider.aws",
      "instances": [
        {
          "schema_version": 0,
          "attributes": {
            "arn": "arn:aws:iam::317887603465:policy/main_api",
            "description": "IAM policy for main API Gateway - Lambda Invocations",
            "id": "arn:aws:iam::317887603465:policy/main_api",
            "name": "main_api",
            "name_prefix": null,
            "path": "/",
            "policy": "{\n  \"Version\": \"2012-10-17\",\n  \"Statement\": [\n    {\n      \"Action\": [\n        \"lambda:InvokeFunction\"\n      ],\n      \"Resource\": \"arn:aws:lambda:*:*:*\",\n      \"Effect\": \"Allow\"\n    },\n    {\n      \"Action\": [\n        \"logs:CreateLogStream\",\n        \"logs:CreateLogGroup\",\n        \"logs:DescribeLogGroups\",\n        \"logs:DescribeLogStreams\",\n        \"logs:PutLogEvents\",\n        \"logs:GetLogEvents\",\n        \"logs:FilterLogEvents\",\n        \"logs:PutRetentionPolicy\"\n      ],\n      \"Resource\": \"*\",\n      \"Effect\": \"Allow\"\n    }\n  ]\n}\n"
          },
          "private": "bnVsbA=="
        }
      ]
    },
    {
      "mode": "managed",
      "type": "aws_iam_role",
      "name": "hello_world_lambda",
      "provider": "provider.aws",
      "instances": [
        {
          "schema_version": 0,
          "attributes": {
            "arn": "arn:aws:iam::317887603465:role/hello_world_lambda",
            "assume_role_policy": "{\"Version\":\"2012-10-17\",\"Statement\":[{\"Sid\":\"\",\"Effect\":\"Allow\",\"Principal\":{\"Service\":\"lambda.amazonaws.com\"},\"Action\":\"sts:AssumeRole\"}]}",
            "create_date": "2020-12-27T22:54:13Z",
            "description": "",
            "force_detach_policies": false,
            "id": "hello_world_lambda",
            "max_session_duration": 3600,
            "name": "hello_world_lambda",
            "name_prefix": null,
            "path": "/",
            "permissions_boundary": null,
            "tags": {},
            "unique_id": "AROAUUA4T4MERHLPQH6AH"
          },
          "private": "bnVsbA=="
        }
      ]
    },
    {
      "mode": "managed",
      "type": "aws_iam_role",
      "name": "lambda_default",
      "provider": "provider.aws",
      "instances": [
        {
          "schema_version": 0,
          "attributes": {
            "arn": "arn:aws:iam::317887603465:role/lambda_default",
            "assume_role_policy": "{\"Version\":\"2012-10-17\",\"Statement\":[{\"Sid\":\"\",\"Effect\":\"Allow\",\"Principal\":{\"Service\":\"lambda.amazonaws.com\"},\"Action\":\"sts:AssumeRole\"}]}",
            "create_date": "2020-12-28T11:53:43Z",
            "description": "",
            "force_detach_policies": false,
            "id": "lambda_default",
            "max_session_duration": 3600,
            "name": "lambda_default",
            "name_prefix": null,
            "path": "/",
            "permissions_boundary": null,
            "tags": {},
            "unique_id": "AROAUUA4T4MEYM26JD3LO"
          },
          "private": "bnVsbA=="
        }
      ]
    },
    {
      "mode": "managed",
      "type": "aws_iam_role",
      "name": "main_api",
      "provider": "provider.aws",
      "instances": [
        {
          "schema_version": 0,
          "attributes": {
            "arn": "arn:aws:iam::317887603465:role/main_api",
            "assume_role_policy": "{\"Version\":\"2012-10-17\",\"Statement\":[{\"Sid\":\"\",\"Effect\":\"Allow\",\"Principal\":{\"Service\":\"apigateway.amazonaws.com\"},\"Action\":\"sts:AssumeRole\"}]}",
            "create_date": "2020-12-27T22:54:13Z",
            "description": "",
            "force_detach_policies": false,
            "id": "main_api",
            "max_session_duration": 3600,
            "name": "main_api",
            "name_prefix": null,
            "path": "/",
            "permissions_boundary": null,
            "tags": {},
            "unique_id": "AROAUUA4T4ME6BQ5F5YOQ"
          },
          "private": "bnVsbA=="
        }
      ]
    },
    {
      "mode": "managed",
      "type": "aws_iam_role_policy_attachment",
      "name": "hello_world_lambda",
      "provider": "provider.aws",
      "instances": [
        {
          "schema_version": 0,
          "attributes": {
            "id": "hello_world_lambda-20201227225414830200000001",
            "policy_arn": "arn:aws:iam::317887603465:policy/hello_world_lambda",
            "role": "hello_world_lambda"
          },
          "private": "bnVsbA==",
          "depends_on": [
            "aws_iam_policy.hello_world_lambda",
            "aws_iam_role.hello_world_lambda"
          ]
        }
      ]
    },
    {
      "mode": "managed",
      "type": "aws_iam_role_policy_attachment",
      "name": "lambda_default",
      "provider": "provider.aws",
      "instances": [
        {
          "schema_version": 0,
          "attributes": {
            "id": "lambda_default-20201228115344968500000001",
            "policy_arn": "arn:aws:iam::317887603465:policy/lambda_default",
            "role": "lambda_default"
          },
          "private": "bnVsbA==",
          "depends_on": [
            "aws_iam_policy.lambda_default",
            "aws_iam_role.lambda_default"
          ]
        }
      ]
    },
    {
      "mode": "managed",
      "type": "aws_iam_role_policy_attachment",
      "name": "main_api",
      "provider": "provider.aws",
      "instances": [
        {
          "schema_version": 0,
          "attributes": {
            "id": "main_api-20201227225414839000000002",
            "policy_arn": "arn:aws:iam::317887603465:policy/main_api",
            "role": "main_api"
          },
          "private": "bnVsbA==",
          "depends_on": [
            "aws_iam_policy.main_api",
            "aws_iam_role.main_api"
          ]
        }
      ]
    },
    {
      "mode": "managed",
      "type": "aws_lambda_function",
      "name": "hello_world_lambda",
      "provider": "provider.aws",
      "instances": [
        {
          "schema_version": 0,
          "attributes": {
            "arn": "arn:aws:lambda:eu-north-1:317887603465:function:hello_world_lambda",
            "code_signing_config_arn": "",
            "dead_letter_config": [],
            "description": "Hello World Lambda",
            "environment": [],
            "file_system_config": [],
            "filename": "/home/diogo/git-projects/social_watcher/scripts/../.build/hello_world_lambda.zip",
            "function_name": "hello_world_lambda",
            "handler": "hello_world_lambda",
            "id": "hello_world_lambda",
            "image_config": [],
            "image_uri": "",
            "invoke_arn": "arn:aws:apigateway:eu-north-1:lambda:path/2015-03-31/functions/arn:aws:lambda:eu-north-1:317887603465:function:hello_world_lambda/invocations",
            "kms_key_arn": "",
            "last_modified": "2020-12-29T00:20:21.373+0000",
            "layers": [],
            "memory_size": 512,
            "package_type": "Zip",
            "publish": false,
            "qualified_arn": "arn:aws:lambda:eu-north-1:317887603465:function:hello_world_lambda:$LATEST",
            "reserved_concurrent_executions": -1,
            "role": "arn:aws:iam::317887603465:role/hello_world_lambda",
            "runtime": "go1.x",
            "s3_bucket": null,
            "s3_key": null,
            "s3_object_version": null,
            "signing_job_arn": "",
            "signing_profile_version_arn": "",
            "source_code_hash": "nh8g3PB0iHEyoksmsywOI1XlSICnPUVIDfazeAnppyM=",
            "source_code_size": 4784104,
            "tags": {},
            "timeout": 3,
            "timeouts": null,
            "tracing_config": [
              {
                "mode": "PassThrough"
              }
            ],
            "version": "$LATEST",
            "vpc_config": []
          },
          "private": "eyJlMmJmYjczMC1lY2FhLTExZTYtOGY4OC0zNDM2M2JjN2M0YzAiOnsiY3JlYXRlIjo2MDAwMDAwMDAwMDB9fQ==",
          "depends_on": [
            "aws_cloudwatch_log_group.hello_world_lambda",
            "aws_iam_role.hello_world_lambda",
            "aws_iam_role_policy_attachment.hello_world_lambda"
          ]
        }
      ]
    },
    {
      "mode": "managed",
      "type": "aws_lambda_function",
      "name": "watch_twitter_lambda",
      "provider": "provider.aws",
      "instances": [
        {
          "schema_version": 0,
          "attributes": {
            "arn": "arn:aws:lambda:eu-north-1:317887603465:function:watch_twitter_lambda",
            "code_signing_config_arn": "",
            "dead_letter_config": [],
            "description": "Watch Twitter Lambda",
            "environment": [],
            "file_system_config": [],
            "filename": "/home/diogo/git-projects/social_watcher/scripts/../.build/watch_twitter_lambda.zip",
            "function_name": "watch_twitter_lambda",
            "handler": "watch_twitter_lambda",
            "id": "watch_twitter_lambda",
            "image_config": [],
            "image_uri": "",
            "invoke_arn": "arn:aws:apigateway:eu-north-1:lambda:path/2015-03-31/functions/arn:aws:lambda:eu-north-1:317887603465:function:watch_twitter_lambda/invocations",
            "kms_key_arn": "",
            "last_modified": "2020-12-29T00:20:24.526+0000",
            "layers": [],
            "memory_size": 512,
            "package_type": "Zip",
            "publish": false,
            "qualified_arn": "arn:aws:lambda:eu-north-1:317887603465:function:watch_twitter_lambda:$LATEST",
            "reserved_concurrent_executions": -1,
            "role": "arn:aws:iam::317887603465:role/lambda_default",
            "runtime": "go1.x",
            "s3_bucket": null,
            "s3_key": null,
            "s3_object_version": null,
            "signing_job_arn": "",
            "signing_profile_version_arn": "",
            "source_code_hash": "rO4r5z3LNDmfrq0E0PW+NshlGOlM06gK5nOtw75bAug=",
            "source_code_size": 7511052,
            "tags": {},
            "timeout": 3,
            "timeouts": null,
            "tracing_config": [
              {
                "mode": "PassThrough"
              }
            ],
            "version": "$LATEST",
            "vpc_config": []
          },
          "private": "eyJlMmJmYjczMC1lY2FhLTExZTYtOGY4OC0zNDM2M2JjN2M0YzAiOnsiY3JlYXRlIjo2MDAwMDAwMDAwMDB9fQ==",
          "depends_on": [
            "aws_cloudwatch_log_group.watch_twitter_lambda",
            "aws_iam_role.lambda_default"
          ]
        }
      ]
    }
  ]
}
